
Microsoft Visual Studio Solution File, Format Version 12.00
# Visual Studio Version 16
VisualStudioVersion = 16.0.31911.196
MinimumVisualStudioVersion = 10.0.40219.1
Project("{FAE04EC0-301F-11D3-BF4B-00C04F79EFBC}") = "EMSystem", "EMSystem\EMSystem.csproj", "{6025CBB8-4F4D-4170-9A4C-CBF12B635411}"
EndProject
Global
	GlobalSection(SolutionConfigurationPlatforms) = preSolution
		Debug|Any CPU = Debug|Any CPU
		Release|Any CPU = Release|Any CPU
	EndGlobalSection
	GlobalSection(ProjectConfigurationPlatforms) = postSolution
		{6025CBB8-4F4D-4170-9A4C-CBF12B635411}.Debug|Any CPU.ActiveCfg = Debug|Any CPU
		{6025CBB8-4F4D-4170-9A4C-CBF12B635411}.Debug|Any CPU.Build.0 = Debug|Any CPU
		{6025CBB8-4F4D-4170-9A4C-CBF12B635411}.Release|Any CPU.ActiveCfg = Release|Any CPU
		{6025CBB8-4F4D-4170-9A4C-CBF12B635411}.Release|Any CPU.Build.0 = Release|Any CPU
	EndGlobalSection
	GlobalSection(SolutionProperties) = preSolution
		HideSolutionNode = FALSE
	EndGlobalSection
	GlobalSection(ExtensibilityGlobals) = postSolution
		SolutionGuid = {40317C6A-DCE7-426E-BE1F-820697609BBA}
	EndGlobalSection
EndGlobal
